
Microsoft Visual Studio Solution File, Format Version 12.00
# Visual Studio Version 17
VisualStudioVersion = 17.0.31903.59
MinimumVisualStudioVersion = 10.0.40219.1
Project("{2150E333-8FDC-42A3-9474-1A3956D46DE8}") = "src", "src", "{827E0CD3-B72D-47B6-A68D-7590B98EB39B}"
EndProject
Project("{FAE04EC0-301F-11D3-BF4B-00C04F79EFBC}") = "Api", "src\Api\Api.csproj", "{C16E8CA2-6450-4E0A-B0F8-45207F953807}"
EndProject
Project("{FAE04EC0-301F-11D3-BF4B-00C04F79EFBC}") = "Application", "src\Application\Application.csproj", "{26E4FA8D-33C6-462C-94CE-3A062E0F6190}"
EndProject
Project("{FAE04EC0-301F-11D3-BF4B-00C04F79EFBC}") = "Infrastructure", "src\Infrastructure\Infrastructure.csproj", "{588C6930-C308-46BA-B89F-851E659889DE}"
EndProject
Project("{FAE04EC0-301F-11D3-BF4B-00C04F79EFBC}") = "Domain", "src\Domain\Domain.csproj", "{E3A8DC93-F528-47DB-B406-8A7DBEBEEC83}"
EndProject
Global
	GlobalSection(SolutionConfigurationPlatforms) = preSolution
		Debug|Any CPU = Debug|Any CPU
		Debug|x64 = Debug|x64
		Debug|x86 = Debug|x86
		Release|Any CPU = Release|Any CPU
		Release|x64 = Release|x64
		Release|x86 = Release|x86
	EndGlobalSection
	GlobalSection(ProjectConfigurationPlatforms) = postSolution
		{C16E8CA2-6450-4E0A-B0F8-45207F953807}.Debug|Any CPU.ActiveCfg = Debug|Any CPU
		{C16E8CA2-6450-4E0A-B0F8-45207F953807}.Debug|Any CPU.Build.0 = Debug|Any CPU
		{C16E8CA2-6450-4E0A-B0F8-45207F953807}.Debug|x64.ActiveCfg = Debug|Any CPU
		{C16E8CA2-6450-4E0A-B0F8-45207F953807}.Debug|x64.Build.0 = Debug|Any CPU
		{C16E8CA2-6450-4E0A-B0F8-45207F953807}.Debug|x86.ActiveCfg = Debug|Any CPU
		{C16E8CA2-6450-4E0A-B0F8-45207F953807}.Debug|x86.Build.0 = Debug|Any CPU
		{C16E8CA2-6450-4E0A-B0F8-45207F953807}.Release|Any CPU.ActiveCfg = Release|Any CPU
		{C16E8CA2-6450-4E0A-B0F8-45207F953807}.Release|Any CPU.Build.0 = Release|Any CPU
		{C16E8CA2-6450-4E0A-B0F8-45207F953807}.Release|x64.ActiveCfg = Release|Any CPU
		{C16E8CA2-6450-4E0A-B0F8-45207F953807}.Release|x64.Build.0 = Release|Any CPU
		{C16E8CA2-6450-4E0A-B0F8-45207F953807}.Release|x86.ActiveCfg = Release|Any CPU
		{C16E8CA2-6450-4E0A-B0F8-45207F953807}.Release|x86.Build.0 = Release|Any CPU
		{26E4FA8D-33C6-462C-94CE-3A062E0F6190}.Debug|Any CPU.ActiveCfg = Debug|Any CPU
		{26E4FA8D-33C6-462C-94CE-3A062E0F6190}.Debug|Any CPU.Build.0 = Debug|Any CPU
		{26E4FA8D-33C6-462C-94CE-3A062E0F6190}.Debug|x64.ActiveCfg = Debug|Any CPU
		{26E4FA8D-33C6-462C-94CE-3A062E0F6190}.Debug|x64.Build.0 = Debug|Any CPU
		{26E4FA8D-33C6-462C-94CE-3A062E0F6190}.Debug|x86.ActiveCfg = Debug|Any CPU
		{26E4FA8D-33C6-462C-94CE-3A062E0F6190}.Debug|x86.Build.0 = Debug|Any CPU
		{26E4FA8D-33C6-462C-94CE-3A062E0F6190}.Release|Any CPU.ActiveCfg = Release|Any CPU
		{26E4FA8D-33C6-462C-94CE-3A062E0F6190}.Release|Any CPU.Build.0 = Release|Any CPU
		{26E4FA8D-33C6-462C-94CE-3A062E0F6190}.Release|x64.ActiveCfg = Release|Any CPU
		{26E4FA8D-33C6-462C-94CE-3A062E0F6190}.Release|x64.Build.0 = Release|Any CPU
		{26E4FA8D-33C6-462C-94CE-3A062E0F6190}.Release|x86.ActiveCfg = Release|Any CPU
		{26E4FA8D-33C6-462C-94CE-3A062E0F6190}.Release|x86.Build.0 = Release|Any CPU
		{588C6930-C308-46BA-B89F-851E659889DE}.Debug|Any CPU.ActiveCfg = Debug|Any CPU
		{588C6930-C308-46BA-B89F-851E659889DE}.Debug|Any CPU.Build.0 = Debug|Any CPU
		{588C6930-C308-46BA-B89F-851E659889DE}.Debug|x64.ActiveCfg = Debug|Any CPU
		{588C6930-C308-46BA-B89F-851E659889DE}.Debug|x64.Build.0 = Debug|Any CPU
		{588C6930-C308-46BA-B89F-851E659889DE}.Debug|x86.ActiveCfg = Debug|Any CPU
		{588C6930-C308-46BA-B89F-851E659889DE}.Debug|x86.Build.0 = Debug|Any CPU
		{588C6930-C308-46BA-B89F-851E659889DE}.Release|Any CPU.ActiveCfg = Release|Any CPU
		{588C6930-C308-46BA-B89F-851E659889DE}.Release|Any CPU.Build.0 = Release|Any CPU
		{588C6930-C308-46BA-B89F-851E659889DE}.Release|x64.ActiveCfg = Release|Any CPU
		{588C6930-C308-46BA-B89F-851E659889DE}.Release|x64.Build.0 = Release|Any CPU
		{588C6930-C308-46BA-B89F-851E659889DE}.Release|x86.ActiveCfg = Release|Any CPU
		{588C6930-C308-46BA-B89F-851E659889DE}.Release|x86.Build.0 = Release|Any CPU
		{E3A8DC93-F528-47DB-B406-8A7DBEBEEC83}.Debug|Any CPU.ActiveCfg = Debug|Any CPU
		{E3A8DC93-F528-47DB-B406-8A7DBEBEEC83}.Debug|Any CPU.Build.0 = Debug|Any CPU
		{E3A8DC93-F528-47DB-B406-8A7DBEBEEC83}.Debug|x64.ActiveCfg = Debug|Any CPU
		{E3A8DC93-F528-47DB-B406-8A7DBEBEEC83}.Debug|x64.Build.0 = Debug|Any CPU
		{E3A8DC93-F528-47DB-B406-8A7DBEBEEC83}.Debug|x86.ActiveCfg = Debug|Any CPU
		{E3A8DC93-F528-47DB-B406-8A7DBEBEEC83}.Debug|x86.Build.0 = Debug|Any CPU
		{E3A8DC93-F528-47DB-B406-8A7DBEBEEC83}.Release|Any CPU.ActiveCfg = Release|Any CPU
		{E3A8DC93-F528-47DB-B406-8A7DBEBEEC83}.Release|Any CPU.Build.0 = Release|Any CPU
		{E3A8DC93-F528-47DB-B406-8A7DBEBEEC83}.Release|x64.ActiveCfg = Release|Any CPU
		{E3A8DC93-F528-47DB-B406-8A7DBEBEEC83}.Release|x64.Build.0 = Release|Any CPU
		{E3A8DC93-F528-47DB-B406-8A7DBEBEEC83}.Release|x86.ActiveCfg = Release|Any CPU
		{E3A8DC93-F528-47DB-B406-8A7DBEBEEC83}.Release|x86.Build.0 = Release|Any CPU
	EndGlobalSection
	GlobalSection(SolutionProperties) = preSolution
		HideSolutionNode = FALSE
	EndGlobalSection
	GlobalSection(NestedProjects) = preSolution
		{C16E8CA2-6450-4E0A-B0F8-45207F953807} = {827E0CD3-B72D-47B6-A68D-7590B98EB39B}
		{26E4FA8D-33C6-462C-94CE-3A062E0F6190} = {827E0CD3-B72D-47B6-A68D-7590B98EB39B}
		{588C6930-C308-46BA-B89F-851E659889DE} = {827E0CD3-B72D-47B6-A68D-7590B98EB39B}
		{E3A8DC93-F528-47DB-B406-8A7DBEBEEC83} = {827E0CD3-B72D-47B6-A68D-7590B98EB39B}
	EndGlobalSection
EndGlobal
